
Microsoft Visual Studio Solution File, Format Version 12.00
# Visual Studio Version 16
VisualStudioVersion = 16.0.29503.13
MinimumVisualStudioVersion = 10.0.40219.1
Project("{8BC9CEB8-8B4A-11D0-8D11-00A0C91BC942}") = "Cpp_OpenCV", "Cpp_OpenCV\Cpp_OpenCV.vcxproj", "{797A6222-6804-42F2-A33F-A760F0103A73}"
EndProject
Project("{888888A0-9F3D-457C-B088-3A5042F75D52}") = "Python_OpenCV", "Python_OpenCV\Python_OpenCV.pyproj", "{80598E87-665B-413A-9CE8-CB512D59F462}"
EndProject
Global
	GlobalSection(SolutionConfigurationPlatforms) = preSolution
		Debug|Any CPU = Debug|Any CPU
		Debug|x64 = Debug|x64
		Debug|x86 = Debug|x86
		Release|Any CPU = Release|Any CPU
		Release|x64 = Release|x64
		Release|x86 = Release|x86
	EndGlobalSection
	GlobalSection(ProjectConfigurationPlatforms) = postSolution
		{797A6222-6804-42F2-A33F-A760F0103A73}.Debug|Any CPU.ActiveCfg = Debug|Win32
		{797A6222-6804-42F2-A33F-A760F0103A73}.Debug|x64.ActiveCfg = Debug|x64
		{797A6222-6804-42F2-A33F-A760F0103A73}.Debug|x64.Build.0 = Debug|x64
		{797A6222-6804-42F2-A33F-A760F0103A73}.Debug|x86.ActiveCfg = Debug|Win32
		{797A6222-6804-42F2-A33F-A760F0103A73}.Debug|x86.Build.0 = Debug|Win32
		{797A6222-6804-42F2-A33F-A760F0103A73}.Release|Any CPU.ActiveCfg = Release|Win32
		{797A6222-6804-42F2-A33F-A760F0103A73}.Release|x64.ActiveCfg = Release|x64
		{797A6222-6804-42F2-A33F-A760F0103A73}.Release|x64.Build.0 = Release|x64
		{797A6222-6804-42F2-A33F-A760F0103A73}.Release|x86.ActiveCfg = Release|Win32
		{797A6222-6804-42F2-A33F-A760F0103A73}.Release|x86.Build.0 = Release|Win32
		{80598E87-665B-413A-9CE8-CB512D59F462}.Debug|Any CPU.ActiveCfg = Debug|Any CPU
		{80598E87-665B-413A-9CE8-CB512D59F462}.Debug|x64.ActiveCfg = Debug|Any CPU
		{80598E87-665B-413A-9CE8-CB512D59F462}.Debug|x86.ActiveCfg = Debug|Any CPU
		{80598E87-665B-413A-9CE8-CB512D59F462}.Release|Any CPU.ActiveCfg = Release|Any CPU
		{80598E87-665B-413A-9CE8-CB512D59F462}.Release|x64.ActiveCfg = Release|Any CPU
		{80598E87-665B-413A-9CE8-CB512D59F462}.Release|x86.ActiveCfg = Release|Any CPU
	EndGlobalSection
	GlobalSection(SolutionProperties) = preSolution
		HideSolutionNode = FALSE
	EndGlobalSection
	GlobalSection(ExtensibilityGlobals) = postSolution
		SolutionGuid = {A6DAEDF2-009B-4448-ADD4-869E2937E489}
	EndGlobalSection
EndGlobal
