
Microsoft Visual Studio Solution File, Format Version 12.00
# Visual Studio Version 16
VisualStudioVersion = 16.0.29728.190
MinimumVisualStudioVersion = 10.0.40219.1
Project("{8BC9CEB8-8B4A-11D0-8D11-00A0C91BC942}") = "OCRBinarization", "OCRBinarization\OCRBinarization.vcxproj", "{2356A8C3-2428-4773-94EE-8723D72CD2D0}"
EndProject
Project("{8BC9CEB8-8B4A-11D0-8D11-00A0C91BC942}") = "OCRBinarizationUI", "OCRBinarizationUI\OCRBinarizationUI.vcxproj", "{45651F05-2E30-4E09-8E72-00AE352A5019}"
EndProject
Global
	GlobalSection(SolutionConfigurationPlatforms) = preSolution
		Debug|x64 = Debug|x64
		Debug|x86 = Debug|x86
		Release|x64 = Release|x64
		Release|x86 = Release|x86
	EndGlobalSection
	GlobalSection(ProjectConfigurationPlatforms) = postSolution
		{2356A8C3-2428-4773-94EE-8723D72CD2D0}.Debug|x64.ActiveCfg = Debug|x64
		{2356A8C3-2428-4773-94EE-8723D72CD2D0}.Debug|x64.Build.0 = Debug|x64
		{2356A8C3-2428-4773-94EE-8723D72CD2D0}.Debug|x86.ActiveCfg = Debug|Win32
		{2356A8C3-2428-4773-94EE-8723D72CD2D0}.Debug|x86.Build.0 = Debug|Win32
		{2356A8C3-2428-4773-94EE-8723D72CD2D0}.Release|x64.ActiveCfg = Release|x64
		{2356A8C3-2428-4773-94EE-8723D72CD2D0}.Release|x64.Build.0 = Release|x64
		{2356A8C3-2428-4773-94EE-8723D72CD2D0}.Release|x86.ActiveCfg = Release|Win32
		{2356A8C3-2428-4773-94EE-8723D72CD2D0}.Release|x86.Build.0 = Release|Win32
		{45651F05-2E30-4E09-8E72-00AE352A5019}.Debug|x64.ActiveCfg = Debug|x64
		{45651F05-2E30-4E09-8E72-00AE352A5019}.Debug|x64.Build.0 = Debug|x64
		{45651F05-2E30-4E09-8E72-00AE352A5019}.Debug|x86.ActiveCfg = Debug|Win32
		{45651F05-2E30-4E09-8E72-00AE352A5019}.Debug|x86.Build.0 = Debug|Win32
		{45651F05-2E30-4E09-8E72-00AE352A5019}.Release|x64.ActiveCfg = Release|x64
		{45651F05-2E30-4E09-8E72-00AE352A5019}.Release|x64.Build.0 = Release|x64
		{45651F05-2E30-4E09-8E72-00AE352A5019}.Release|x86.ActiveCfg = Release|Win32
		{45651F05-2E30-4E09-8E72-00AE352A5019}.Release|x86.Build.0 = Release|Win32
	EndGlobalSection
	GlobalSection(SolutionProperties) = preSolution
		HideSolutionNode = FALSE
	EndGlobalSection
	GlobalSection(ExtensibilityGlobals) = postSolution
		SolutionGuid = {6C0946B2-8C39-45E8-92AC-61951F9E08D9}
	EndGlobalSection
EndGlobal
